// !$*UTF8*$!
{
	archiveVersion = 1;
	classes = {
	};
	objectVersion = 55;
	objects = {

/* Begin PBXBuildFile section */
		7A645704285841C300588E0B /* GIFGoApp.swift in Sources */ = {isa = PBXBuildFile; fileRef = 7A645703285841C300588E0B /* GIFGoApp.swift */; };
		7A645706285841C300588E0B /* ContentView.swift in Sources */ = {isa = PBXBuildFile; fileRef = 7A645705285841C300588E0B /* ContentView.swift */; };
		7A645708285841C500588E0B /* Assets.xcassets in Resources */ = {isa = PBXBuildFile; fileRef = 7A645707285841C500588E0B /* Assets.xcassets */; };
		7A64570B285841C500588E0B /* Preview Assets.xcassets in Resources */ = {isa = PBXBuildFile; fileRef = 7A64570A285841C500588E0B /* Preview Assets.xcassets */; };
		7A645715285841C600588E0B /* GIFGoTests.swift in Sources */ = {isa = PBXBuildFile; fileRef = 7A645714285841C600588E0B /* GIFGoTests.swift */; };
		7A64571F285841C600588E0B /* GIFGoUITests.swift in Sources */ = {isa = PBXBuildFile; fileRef = 7A64571E285841C600588E0B /* GIFGoUITests.swift */; };
		7A645721285841C600588E0B /* GIFGoUITestsLaunchTests.swift in Sources */ = {isa = PBXBuildFile; fileRef = 7A645720285841C600588E0B /* GIFGoUITestsLaunchTests.swift */; };
/* End PBXBuildFile section */

/* Begin PBXContainerItemProxy section */
		7A645711285841C600588E0B /* PBXContainerItemProxy */ = {
			isa = PBXContainerItemProxy;
			containerPortal = 7A6456F8285841C300588E0B /* Project object */;
			proxyType = 1;
			remoteGlobalIDString = 7A6456FF285841C300588E0B;
			remoteInfo = GIFGo;
		};
		7A64571B285841C600588E0B /* PBXContainerItemProxy */ = {
			isa = PBXContainerItemProxy;
			containerPortal = 7A6456F8285841C300588E0B /* Project object */;
			proxyType = 1;
			remoteGlobalIDString = 7A6456FF285841C300588E0B;
			remoteInfo = GIFGo;
		};
/* End PBXContainerItemProxy section */

/* Begin PBXFileReference section */
		7A645700285841C300588E0B /* GIFGo.app */ = {isa = PBXFileReference; explicitFileType = wrapper.application; includeInIndex = 0; path = GIFGo.app; sourceTree = BUILT_PRODUCTS_DIR; };
		7A645703285841C300588E0B /* GIFGoApp.swift */ = {isa = PBXFileReference; lastKnownFileType = sourcecode.swift; path = GIFGoApp.swift; sourceTree = "<group>"; };
		7A645705285841C300588E0B /* ContentView.swift */ = {isa = PBXFileReference; lastKnownFileType = sourcecode.swift; path = ContentView.swift; sourceTree = "<group>"; };
		7A645707285841C500588E0B /* Assets.xcassets */ = {isa = PBXFileReference; lastKnownFileType = folder.assetcatalog; path = Assets.xcassets; sourceTree = "<group>"; };
		7A64570A285841C500588E0B /* Preview Assets.xcassets */ = {isa = PBXFileReference; lastKnownFileType = folder.assetcatalog; path = "Preview Assets.xcassets"; sourceTree = "<group>"; };
		7A645710285841C600588E0B /* GIFGoTests.xctest */ = {isa = PBXFileReference; explicitFileType = wrapper.cfbundle; includeInIndex = 0; path = GIFGoTests.xctest; sourceTree = BUILT_PRODUCTS_DIR; };
		7A645714285841C600588E0B /* GIFGoTests.swift */ = {isa = PBXFileReference; lastKnownFileType = sourcecode.swift; path = GIFGoTests.swift; sourceTree = "<group>"; };
		7A64571A285841C600588E0B /* GIFGoUITests.xctest */ = {isa = PBXFileReference; explicitFileType = wrapper.cfbundle; includeInIndex = 0; path = GIFGoUITests.xctest; sourceTree = BUILT_PRODUCTS_DIR; };
		7A64571E285841C600588E0B /* GIFGoUITests.swift */ = {isa = PBXFileReference; lastKnownFileType = sourcecode.swift; path = GIFGoUITests.swift; sourceTree = "<group>"; };
		7A645720285841C600588E0B /* GIFGoUITestsLaunchTests.swift */ = {isa = PBXFileReference; lastKnownFileType = sourcecode.swift; path = GIFGoUITestsLaunchTests.swift; sourceTree = "<group>"; };
/* End PBXFileReference section */

/* Begin PBXFrameworksBuildPhase section */
		7A6456FD285841C300588E0B /* Frameworks */ = {
			isa = PBXFrameworksBuildPhase;
			buildActionMask = 2147483647;
			files = (
			);
			runOnlyForDeploymentPostprocessing = 0;
		};
		7A64570D285841C600588E0B /* Frameworks */ = {
			isa = PBXFrameworksBuildPhase;
			buildActionMask = 2147483647;
			files = (
			);
			runOnlyForDeploymentPostprocessing = 0;
		};
		7A645717285841C600588E0B /* Frameworks */ = {
			isa = PBXFrameworksBuildPhase;
			buildActionMask = 2147483647;
			files = (
			);
			runOnlyForDeploymentPostprocessing = 0;
		};
/* End PBXFrameworksBuildPhase section */

/* Begin PBXGroup section */
		7A6456F7285841C300588E0B = {
			isa = PBXGroup;
			children = (
				7A645702285841C300588E0B /* GIFGo */,
				7A645713285841C600588E0B /* GIFGoTests */,
				7A64571D285841C600588E0B /* GIFGoUITests */,
				7A645701285841C300588E0B /* Products */,
			);
			sourceTree = "<group>";
		};
		7A645701285841C300588E0B /* Products */ = {
			isa = PBXGroup;
			children = (
				7A645700285841C300588E0B /* GIFGo.app */,
				7A645710285841C600588E0B /* GIFGoTests.xctest */,
				7A64571A285841C600588E0B /* GIFGoUITests.xctest */,
			);
			name = Products;
			sourceTree = "<group>";
		};
		7A645702285841C300588E0B /* GIFGo */ = {
			isa = PBXGroup;
			children = (
				7A645703285841C300588E0B /* GIFGoApp.swift */,
				7A645705285841C300588E0B /* ContentView.swift */,
				7A645707285841C500588E0B /* Assets.xcassets */,
				7A645709285841C500588E0B /* Preview Content */,
			);
			path = GIFGo;
			sourceTree = "<group>";
		};
		7A645709285841C500588E0B /* Preview Content */ = {
			isa = PBXGroup;
			children = (
				7A64570A285841C500588E0B /* Preview Assets.xcassets */,
			);
			path = "Preview Content";
			sourceTree = "<group>";
		};
		7A645713285841C600588E0B /* GIFGoTests */ = {
			isa = PBXGroup;
			children = (
				7A645714285841C600588E0B /* GIFGoTests.swift */,
			);
			path = GIFGoTests;
			sourceTree = "<group>";
		};
		7A64571D285841C600588E0B /* GIFGoUITests */ = {
			isa = PBXGroup;
			children = (
				7A64571E285841C600588E0B /* GIFGoUITests.swift */,
				7A645720285841C600588E0B /* GIFGoUITestsLaunchTests.swift */,
			);
			path = GIFGoUITests;
			sourceTree = "<group>";
		};
/* End PBXGroup section */

/* Begin PBXNativeTarget section */
		7A6456FF285841C300588E0B /* GIFGo */ = {
			isa = PBXNativeTarget;
			buildConfigurationList = 7A645724285841C600588E0B /* Build configuration list for PBXNativeTarget "GIFGo" */;
			buildPhases = (
				7A6456FC285841C300588E0B /* Sources */,
				7A6456FD285841C300588E0B /* Frameworks */,
				7A6456FE285841C300588E0B /* Resources */,
			);
			buildRules = (
			);
			dependencies = (
			);
			name = GIFGo;
			productName = GIFGo;
			productReference = 7A645700285841C300588E0B /* GIFGo.app */;
			productType = "com.apple.product-type.application";
		};
		7A64570F285841C600588E0B /* GIFGoTests */ = {
			isa = PBXNativeTarget;
			buildConfigurationList = 7A645727285841C600588E0B /* Build configuration list for PBXNativeTarget "GIFGoTests" */;
			buildPhases = (
				7A64570C285841C600588E0B /* Sources */,
				7A64570D285841C600588E0B /* Frameworks */,
				7A64570E285841C600588E0B /* Resources */,
			);
			buildRules = (
			);
			dependencies = (
				7A645712285841C600588E0B /* PBXTargetDependency */,
			);
			name = GIFGoTests;
			productName = GIFGoTests;
			productReference = 7A645710285841C600588E0B /* GIFGoTests.xctest */;
			productType = "com.apple.product-type.bundle.unit-test";
		};
		7A645719285841C600588E0B /* GIFGoUITests */ = {
			isa = PBXNativeTarget;
			buildConfigurationList = 7A64572A285841C600588E0B /* Build configuration list for PBXNativeTarget "GIFGoUITests" */;
			buildPhases = (
				7A645716285841C600588E0B /* Sources */,
				7A645717285841C600588E0B /* Frameworks */,
				7A645718285841C600588E0B /* Resources */,
			);
			buildRules = (
			);
			dependencies = (
				7A64571C285841C600588E0B /* PBXTargetDependency */,
			);
			name = GIFGoUITests;
			productName = GIFGoUITests;
			productReference = 7A64571A285841C600588E0B /* GIFGoUITests.xctest */;
			productType = "com.apple.product-type.bundle.ui-testing";
		};
/* End PBXNativeTarget section */

/* Begin PBXProject section */
		7A6456F8285841C300588E0B /* Project object */ = {
			isa = PBXProject;
			attributes = {
				BuildIndependentTargetsInParallel = 1;
				LastSwiftUpdateCheck = 1340;
				LastUpgradeCheck = 1340;
				TargetAttributes = {
					7A6456FF285841C300588E0B = {
						CreatedOnToolsVersion = 13.4.1;
					};
					7A64570F285841C600588E0B = {
						CreatedOnToolsVersion = 13.4.1;
						TestTargetID = 7A6456FF285841C300588E0B;
					};
					7A645719285841C600588E0B = {
						CreatedOnToolsVersion = 13.4.1;
						TestTargetID = 7A6456FF285841C300588E0B;
					};
				};
			};
			buildConfigurationList = 7A6456FB285841C300588E0B /* Build configuration list for PBXProject "GIFGo" */;
			compatibilityVersion = "Xcode 13.0";
			developmentRegion = en;
			hasScannedForEncodings = 0;
			knownRegions = (
				en,
				Base,
			);
			mainGroup = 7A6456F7285841C300588E0B;
			productRefGroup = 7A645701285841C300588E0B /* Products */;
			projectDirPath = "";
			projectRoot = "";
			targets = (
				7A6456FF285841C300588E0B /* GIFGo */,
				7A64570F285841C600588E0B /* GIFGoTests */,
				7A645719285841C600588E0B /* GIFGoUITests */,
			);
		};
/* End PBXProject section */

/* Begin PBXResourcesBuildPhase section */
		7A6456FE285841C300588E0B /* Resources */ = {
			isa = PBXResourcesBuildPhase;
			buildActionMask = 2147483647;
			files = (
				7A64570B285841C500588E0B /* Preview Assets.xcassets in Resources */,
				7A645708285841C500588E0B /* Assets.xcassets in Resources */,
			);
			runOnlyForDeploymentPostprocessing = 0;
		};
		7A64570E285841C600588E0B /* Resources */ = {
			isa = PBXResourcesBuildPhase;
			buildActionMask = 2147483647;
			files = (
			);
			runOnlyForDeploymentPostprocessing = 0;
		};
		7A645718285841C600588E0B /* Resources */ = {
			isa = PBXResourcesBuildPhase;
			buildActionMask = 2147483647;
			files = (
			);
			runOnlyForDeploymentPostprocessing = 0;
		};
/* End PBXResourcesBuildPhase section */

/* Begin PBXSourcesBuildPhase section */
		7A6456FC285841C300588E0B /* Sources */ = {
			isa = PBXSourcesBuildPhase;
			buildActionMask = 2147483647;
			files = (
				7A645706285841C300588E0B /* ContentView.swift in Sources */,
				7A645704285841C300588E0B /* GIFGoApp.swift in Sources */,
			);
			runOnlyForDeploymentPostprocessing = 0;
		};
		7A64570C285841C600588E0B /* Sources */ = {
			isa = PBXSourcesBuildPhase;
			buildActionMask = 2147483647;
			files = (
				7A645715285841C600588E0B /* GIFGoTests.swift in Sources */,
			);
			runOnlyForDeploymentPostprocessing = 0;
		};
		7A645716285841C600588E0B /* Sources */ = {
			isa = PBXSourcesBuildPhase;
			buildActionMask = 2147483647;
			files = (
				7A64571F285841C600588E0B /* GIFGoUITests.swift in Sources */,
				7A645721285841C600588E0B /* GIFGoUITestsLaunchTests.swift in Sources */,
			);
			runOnlyForDeploymentPostprocessing = 0;
		};
/* End PBXSourcesBuildPhase section */

/* Begin PBXTargetDependency section */
		7A645712285841C600588E0B /* PBXTargetDependency */ = {
			isa = PBXTargetDependency;
			target = 7A6456FF285841C300588E0B /* GIFGo */;
			targetProxy = 7A645711285841C600588E0B /* PBXContainerItemProxy */;
		};
		7A64571C285841C600588E0B /* PBXTargetDependency */ = {
			isa = PBXTargetDependency;
			target = 7A6456FF285841C300588E0B /* GIFGo */;
			targetProxy = 7A64571B285841C600588E0B /* PBXContainerItemProxy */;
		};
/* End PBXTargetDependency section */

/* Begin XCBuildConfiguration section */
		7A645722285841C600588E0B /* Debug */ = {
			isa = XCBuildConfiguration;
			buildSettings = {
				ALWAYS_SEARCH_USER_PATHS = NO;
				CLANG_ANALYZER_NONNULL = YES;
				CLANG_ANALYZER_NUMBER_OBJECT_CONVERSION = YES_AGGRESSIVE;
				CLANG_CXX_LANGUAGE_STANDARD = "gnu++17";
				CLANG_ENABLE_MODULES = YES;
				CLANG_ENABLE_OBJC_ARC = YES;
				CLANG_ENABLE_OBJC_WEAK = YES;
				CLANG_WARN_BLOCK_CAPTURE_AUTORELEASING = YES;
				CLANG_WARN_BOOL_CONVERSION = YES;
				CLANG_WARN_COMMA = YES;
				CLANG_WARN_CONSTANT_CONVERSION = YES;
				CLANG_WARN_DEPRECATED_OBJC_IMPLEMENTATIONS = YES;
				CLANG_WARN_DIRECT_OBJC_ISA_USAGE = YES_ERROR;
				CLANG_WARN_DOCUMENTATION_COMMENTS = YES;
				CLANG_WARN_EMPTY_BODY = YES;
				CLANG_WARN_ENUM_CONVERSION = YES;
				CLANG_WARN_INFINITE_RECURSION = YES;
				CLANG_WARN_INT_CONVERSION = YES;
				CLANG_WARN_NON_LITERAL_NULL_CONVERSION = YES;
				CLANG_WARN_OBJC_IMPLICIT_RETAIN_SELF = YES;
				CLANG_WARN_OBJC_LITERAL_CONVERSION = YES;
				CLANG_WARN_OBJC_ROOT_CLASS = YES_ERROR;
				CLANG_WARN_QUOTED_INCLUDE_IN_FRAMEWORK_HEADER = YES;
				CLANG_WARN_RANGE_LOOP_ANALYSIS = YES;
				CLANG_WARN_STRICT_PROTOTYPES = YES;
				CLANG_WARN_SUSPICIOUS_MOVE = YES;
				CLANG_WARN_UNGUARDED_AVAILABILITY = YES_AGGRESSIVE;
				CLANG_WARN_UNREACHABLE_CODE = YES;
				CLANG_WARN__DUPLICATE_METHOD_MATCH = YES;
				COPY_PHASE_STRIP = NO;
				DEBUG_INFORMATION_FORMAT = dwarf;
				ENABLE_STRICT_OBJC_MSGSEND = YES;
				ENABLE_TESTABILITY = YES;
				GCC_C_LANGUAGE_STANDARD = gnu11;
				GCC_DYNAMIC_NO_PIC = NO;
				GCC_NO_COMMON_BLOCKS = YES;
				GCC_OPTIMIZATION_LEVEL = 0;
				GCC_PREPROCESSOR_DEFINITIONS = (
					"DEBUG=1",
					"$(inherited)",
				);
				GCC_WARN_64_TO_32_BIT_CONVERSION = YES;
				GCC_WARN_ABOUT_RETURN_TYPE = YES_ERROR;
				GCC_WARN_UNDECLARED_SELECTOR = YES;
				GCC_WARN_UNINITIALIZED_AUTOS = YES_AGGRESSIVE;
				GCC_WARN_UNUSED_FUNCTION = YES;
				GCC_WARN_UNUSED_VARIABLE = YES;
				IPHONEOS_DEPLOYMENT_TARGET = 15.5;
				MTL_ENABLE_DEBUG_INFO = INCLUDE_SOURCE;
				MTL_FAST_MATH = YES;
				ONLY_ACTIVE_ARCH = YES;
				SDKROOT = iphoneos;
				SWIFT_ACTIVE_COMPILATION_CONDITIONS = DEBUG;
				SWIFT_OPTIMIZATION_LEVEL = "-Onone";
			};
			name = Debug;
		};
		7A645723285841C600588E0B /* Release */ = {
			isa = XCBuildConfiguration;
			buildSettings = {
				ALWAYS_SEARCH_USER_PATHS = NO;
				CLANG_ANALYZER_NONNULL = YES;
				CLANG_ANALYZER_NUMBER_OBJECT_CONVERSION = YES_AGGRESSIVE;
				CLANG_CXX_LANGUAGE_STANDARD = "gnu++17";
				CLANG_ENABLE_MODULES = YES;
				CLANG_ENABLE_OBJC_ARC = YES;
				CLANG_ENABLE_OBJC_WEAK = YES;
				CLANG_WARN_BLOCK_CAPTURE_AUTORELEASING = YES;
				CLANG_WARN_BOOL_CONVERSION = YES;
				CLANG_WARN_COMMA = YES;
				CLANG_WARN_CONSTANT_CONVERSION = YES;
				CLANG_WARN_DEPRECATED_OBJC_IMPLEMENTATIONS = YES;
				CLANG_WARN_DIRECT_OBJC_ISA_USAGE = YES_ERROR;
				CLANG_WARN_DOCUMENTATION_COMMENTS = YES;
				CLANG_WARN_EMPTY_BODY = YES;
				CLANG_WARN_ENUM_CONVERSION = YES;
				CLANG_WARN_INFINITE_RECURSION = YES;
				CLANG_WARN_INT_CONVERSION = YES;
				CLANG_WARN_NON_LITERAL_NULL_CONVERSION = YES;
				CLANG_WARN_OBJC_IMPLICIT_RETAIN_SELF = YES;
				CLANG_WARN_OBJC_LITERAL_CONVERSION = YES;
				CLANG_WARN_OBJC_ROOT_CLASS = YES_ERROR;
				CLANG_WARN_QUOTED_INCLUDE_IN_FRAMEWORK_HEADER = YES;
				CLANG_WARN_RANGE_LOOP_ANALYSIS = YES;
				CLANG_WARN_STRICT_PROTOTYPES = YES;
				CLANG_WARN_SUSPICIOUS_MOVE = YES;
				CLANG_WARN_UNGUARDED_AVAILABILITY = YES_AGGRESSIVE;
				CLANG_WARN_UNREACHABLE_CODE = YES;
				CLANG_WARN__DUPLICATE_METHOD_MATCH = YES;
				COPY_PHASE_STRIP = NO;
				DEBUG_INFORMATION_FORMAT = "dwarf-with-dsym";
				ENABLE_NS_ASSERTIONS = NO;
				ENABLE_STRICT_OBJC_MSGSEND = YES;
				GCC_C_LANGUAGE_STANDARD = gnu11;
				GCC_NO_COMMON_BLOCKS = YES;
				GCC_WARN_64_TO_32_BIT_CONVERSION = YES;
				GCC_WARN_ABOUT_RETURN_TYPE = YES_ERROR;
				GCC_WARN_UNDECLARED_SELECTOR = YES;
				GCC_WARN_UNINITIALIZED_AUTOS = YES_AGGRESSIVE;
				GCC_WARN_UNUSED_FUNCTION = YES;
				GCC_WARN_UNUSED_VARIABLE = YES;
				IPHONEOS_DEPLOYMENT_TARGET = 15.5;
				MTL_ENABLE_DEBUG_INFO = NO;
				MTL_FAST_MATH = YES;
				SDKROOT = iphoneos;
				SWIFT_COMPILATION_MODE = wholemodule;
				SWIFT_OPTIMIZATION_LEVEL = "-O";
				VALIDATE_PRODUCT = YES;
			};
			name = Release;
		};
		7A645725285841C600588E0B /* Debug */ = {
			isa = XCBuildConfiguration;
			buildSettings = {
				ASSETCATALOG_COMPILER_APPICON_NAME = AppIcon;
				ASSETCATALOG_COMPILER_GLOBAL_ACCENT_COLOR_NAME = AccentColor;
				CODE_SIGN_STYLE = Automatic;
				CURRENT_PROJECT_VERSION = 1;
				DEVELOPMENT_ASSET_PATHS = "\"GIFGo/Preview Content\"";
				ENABLE_PREVIEWS = YES;
				GENERATE_INFOPLIST_FILE = YES;
				INFOPLIST_KEY_UIApplicationSceneManifest_Generation = YES;
				INFOPLIST_KEY_UIApplicationSupportsIndirectInputEvents = YES;
				INFOPLIST_KEY_UILaunchScreen_Generation = YES;
				INFOPLIST_KEY_UISupportedInterfaceOrientations_iPad = "UIInterfaceOrientationPortrait UIInterfaceOrientationPortraitUpsideDown UIInterfaceOrientationLandscapeLeft UIInterfaceOrientationLandscapeRight";
				INFOPLIST_KEY_UISupportedInterfaceOrientations_iPhone = "UIInterfaceOrientationPortrait UIInterfaceOrientationLandscapeLeft UIInterfaceOrientationLandscapeRight";
				LD_RUNPATH_SEARCH_PATHS = (
					"$(inherited)",
					"@executable_path/Frameworks",
				);
				MARKETING_VERSION = 1.0;
				PRODUCT_BUNDLE_IDENTIFIER = "learn-ios.GIFGo";
				PRODUCT_NAME = "$(TARGET_NAME)";
				SWIFT_EMIT_LOC_STRINGS = YES;
				SWIFT_VERSION = 5.0;
				TARGETED_DEVICE_FAMILY = "1,2";
			};
			name = Debug;
		};
		7A645726285841C600588E0B /* Release */ = {
			isa = XCBuildConfiguration;
			buildSettings = {
				ASSETCATALOG_COMPILER_APPICON_NAME = AppIcon;
				ASSETCATALOG_COMPILER_GLOBAL_ACCENT_COLOR_NAME = AccentColor;
				CODE_SIGN_STYLE = Automatic;
				CURRENT_PROJECT_VERSION = 1;
				DEVELOPMENT_ASSET_PATHS = "\"GIFGo/Preview Content\"";
				ENABLE_PREVIEWS = YES;
				GENERATE_INFOPLIST_FILE = YES;
				INFOPLIST_KEY_UIApplicationSceneManifest_Generation = YES;
				INFOPLIST_KEY_UIApplicationSupportsIndirectInputEvents = YES;
				INFOPLIST_KEY_UILaunchScreen_Generation = YES;
				INFOPLIST_KEY_UISupportedInterfaceOrientations_iPad = "UIInterfaceOrientationPortrait UIInterfaceOrientationPortraitUpsideDown UIInterfaceOrientationLandscapeLeft UIInterfaceOrientationLandscapeRight";
				INFOPLIST_KEY_UISupportedInterfaceOrientations_iPhone = "UIInterfaceOrientationPortrait UIInterfaceOrientationLandscapeLeft UIInterfaceOrientationLandscapeRight";
				LD_RUNPATH_SEARCH_PATHS = (
					"$(inherited)",
					"@executable_path/Frameworks",
				);
				MARKETING_VERSION = 1.0;
				PRODUCT_BUNDLE_IDENTIFIER = "learn-ios.GIFGo";
				PRODUCT_NAME = "$(TARGET_NAME)";
				SWIFT_EMIT_LOC_STRINGS = YES;
				SWIFT_VERSION = 5.0;
				TARGETED_DEVICE_FAMILY = "1,2";
			};
			name = Release;
		};
		7A645728285841C600588E0B /* Debug */ = {
			isa = XCBuildConfiguration;
			buildSettings = {
				ALWAYS_EMBED_SWIFT_STANDARD_LIBRARIES = YES;
				BUNDLE_LOADER = "$(TEST_HOST)";
				CODE_SIGN_STYLE = Automatic;
				CURRENT_PROJECT_VERSION = 1;
				GENERATE_INFOPLIST_FILE = YES;
				IPHONEOS_DEPLOYMENT_TARGET = 15.5;
				MARKETING_VERSION = 1.0;
				PRODUCT_BUNDLE_IDENTIFIER = "learn-ios.GIFGoTests";
				PRODUCT_NAME = "$(TARGET_NAME)";
				SWIFT_EMIT_LOC_STRINGS = NO;
				SWIFT_VERSION = 5.0;
				TARGETED_DEVICE_FAMILY = "1,2";
				TEST_HOST = "$(BUILT_PRODUCTS_DIR)/GIFGo.app/GIFGo";
			};
			name = Debug;
		};
		7A645729285841C600588E0B /* Release */ = {
			isa = XCBuildConfiguration;
			buildSettings = {
				ALWAYS_EMBED_SWIFT_STANDARD_LIBRARIES = YES;
				BUNDLE_LOADER = "$(TEST_HOST)";
				CODE_SIGN_STYLE = Automatic;
				CURRENT_PROJECT_VERSION = 1;
				GENERATE_INFOPLIST_FILE = YES;
				IPHONEOS_DEPLOYMENT_TARGET = 15.5;
				MARKETING_VERSION = 1.0;
				PRODUCT_BUNDLE_IDENTIFIER = "learn-ios.GIFGoTests";
				PRODUCT_NAME = "$(TARGET_NAME)";
				SWIFT_EMIT_LOC_STRINGS = NO;
				SWIFT_VERSION = 5.0;
				TARGETED_DEVICE_FAMILY = "1,2";
				TEST_HOST = "$(BUILT_PRODUCTS_DIR)/GIFGo.app/GIFGo";
			};
			name = Release;
		};
		7A64572B285841C600588E0B /* Debug */ = {
			isa = XCBuildConfiguration;
			buildSettings = {
				ALWAYS_EMBED_SWIFT_STANDARD_LIBRARIES = YES;
				CODE_SIGN_STYLE = Automatic;
				CURRENT_PROJECT_VERSION = 1;
				GENERATE_INFOPLIST_FILE = YES;
				MARKETING_VERSION = 1.0;
				PRODUCT_BUNDLE_IDENTIFIER = "learn-ios.GIFGoUITests";
				PRODUCT_NAME = "$(TARGET_NAME)";
				SWIFT_EMIT_LOC_STRINGS = NO;
				SWIFT_VERSION = 5.0;
				TARGETED_DEVICE_FAMILY = "1,2";
				TEST_TARGET_NAME = GIFGo;
			};
			name = Debug;
		};
		7A64572C285841C600588E0B /* Release */ = {
			isa = XCBuildConfiguration;
			buildSettings = {
				ALWAYS_EMBED_SWIFT_STANDARD_LIBRARIES = YES;
				CODE_SIGN_STYLE = Automatic;
				CURRENT_PROJECT_VERSION = 1;
				GENERATE_INFOPLIST_FILE = YES;
				MARKETING_VERSION = 1.0;
				PRODUCT_BUNDLE_IDENTIFIER = "learn-ios.GIFGoUITests";
				PRODUCT_NAME = "$(TARGET_NAME)";
				SWIFT_EMIT_LOC_STRINGS = NO;
				SWIFT_VERSION = 5.0;
				TARGETED_DEVICE_FAMILY = "1,2";
				TEST_TARGET_NAME = GIFGo;
			};
			name = Release;
		};
/* End XCBuildConfiguration section */

/* Begin XCConfigurationList section */
		7A6456FB285841C300588E0B /* Build configuration list for PBXProject "GIFGo" */ = {
			isa = XCConfigurationList;
			buildConfigurations = (
				7A645722285841C600588E0B /* Debug */,
				7A645723285841C600588E0B /* Release */,
			);
			defaultConfigurationIsVisible = 0;
			defaultConfigurationName = Release;
		};
		7A645724285841C600588E0B /* Build configuration list for PBXNativeTarget "GIFGo" */ = {
			isa = XCConfigurationList;
			buildConfigurations = (
				7A645725285841C600588E0B /* Debug */,
				7A645726285841C600588E0B /* Release */,
			);
			defaultConfigurationIsVisible = 0;
			defaultConfigurationName = Release;
		};
		7A645727285841C600588E0B /* Build configuration list for PBXNativeTarget "GIFGoTests" */ = {
			isa = XCConfigurationList;
			buildConfigurations = (
				7A645728285841C600588E0B /* Debug */,
				7A645729285841C600588E0B /* Release */,
			);
			defaultConfigurationIsVisible = 0;
			defaultConfigurationName = Release;
		};
		7A64572A285841C600588E0B /* Build configuration list for PBXNativeTarget "GIFGoUITests" */ = {
			isa = XCConfigurationList;
			buildConfigurations = (
				7A64572B285841C600588E0B /* Debug */,
				7A64572C285841C600588E0B /* Release */,
			);
			defaultConfigurationIsVisible = 0;
			defaultConfigurationName = Release;
		};
/* End XCConfigurationList section */
	};
	rootObject = 7A6456F8285841C300588E0B /* Project object */;
}
